{
  "name": "ts-project",
  "version": "1.0.0",
  "lockfileVersion": 1,
  "requires": true,
  "dependencies": {
    "nakama-runtime": {
      "version": "git+https://github.com/heroiclabs/nakama-common.git#e507376361e7cacd2fbd4a0a04e65ae9c67a53db",
      "from": "git+https://github.com/heroiclabs/nakama-common.git"
    },
    "typescript": {
      "version": "4.3.4",
      "resolved": "https://registry.npmjs.org/typescript/-/typescript-4.3.4.tgz",
      "integrity": "sha512-uauPG7XZn9F/mo+7MrsRjyvbxFpzemRjKEZXS4AK83oP2KKOJPvb+9cO/gmnv8arWZvhnjVOXz7B49m1l0e9Ew==",
      "dev": true
    }
  }
}
